
Microsoft Visual Studio Solution File, Format Version 12.00
# Visual Studio Version 16
VisualStudioVersion = 16.6.30114.105
MinimumVisualStudioVersion = 10.0.40219.1
Project("{FAE04EC0-301F-11D3-BF4B-00C04F79EFBC}") = "API", "API\API.csproj", "{F56FC507-46C7-4535-BCE0-2CBDA758F399}"
EndProject
Project("{FAE04EC0-301F-11D3-BF4B-00C04F79EFBC}") = "Application", "Application\Application.csproj", "{EEA2483B-5081-48B8-BE48-5A7924369F6B}"
EndProject
Project("{FAE04EC0-301F-11D3-BF4B-00C04F79EFBC}") = "Domain", "Domain\Domain.csproj", "{B9D8AB2F-5B1E-4E85-A6F5-A266C982EDFB}"
EndProject
Project("{FAE04EC0-301F-11D3-BF4B-00C04F79EFBC}") = "Persistence", "Persistence\Persistence.csproj", "{17DE5D35-9E2A-494A-880F-0760B7AE7170}"
EndProject
Global
	GlobalSection(SolutionConfigurationPlatforms) = preSolution
		Debug|Any CPU = Debug|Any CPU
		Debug|x64 = Debug|x64
		Debug|x86 = Debug|x86
		Release|Any CPU = Release|Any CPU
		Release|x64 = Release|x64
		Release|x86 = Release|x86
	EndGlobalSection
	GlobalSection(SolutionProperties) = preSolution
		HideSolutionNode = FALSE
	EndGlobalSection
	GlobalSection(ProjectConfigurationPlatforms) = postSolution
		{F56FC507-46C7-4535-BCE0-2CBDA758F399}.Debug|Any CPU.ActiveCfg = Debug|Any CPU
		{F56FC507-46C7-4535-BCE0-2CBDA758F399}.Debug|Any CPU.Build.0 = Debug|Any CPU
		{F56FC507-46C7-4535-BCE0-2CBDA758F399}.Debug|x64.ActiveCfg = Debug|Any CPU
		{F56FC507-46C7-4535-BCE0-2CBDA758F399}.Debug|x64.Build.0 = Debug|Any CPU
		{F56FC507-46C7-4535-BCE0-2CBDA758F399}.Debug|x86.ActiveCfg = Debug|Any CPU
		{F56FC507-46C7-4535-BCE0-2CBDA758F399}.Debug|x86.Build.0 = Debug|Any CPU
		{F56FC507-46C7-4535-BCE0-2CBDA758F399}.Release|Any CPU.ActiveCfg = Release|Any CPU
		{F56FC507-46C7-4535-BCE0-2CBDA758F399}.Release|Any CPU.Build.0 = Release|Any CPU
		{F56FC507-46C7-4535-BCE0-2CBDA758F399}.Release|x64.ActiveCfg = Release|Any CPU
		{F56FC507-46C7-4535-BCE0-2CBDA758F399}.Release|x64.Build.0 = Release|Any CPU
		{F56FC507-46C7-4535-BCE0-2CBDA758F399}.Release|x86.ActiveCfg = Release|Any CPU
		{F56FC507-46C7-4535-BCE0-2CBDA758F399}.Release|x86.Build.0 = Release|Any CPU
		{EEA2483B-5081-48B8-BE48-5A7924369F6B}.Debug|Any CPU.ActiveCfg = Debug|Any CPU
		{EEA2483B-5081-48B8-BE48-5A7924369F6B}.Debug|Any CPU.Build.0 = Debug|Any CPU
		{EEA2483B-5081-48B8-BE48-5A7924369F6B}.Debug|x64.ActiveCfg = Debug|Any CPU
		{EEA2483B-5081-48B8-BE48-5A7924369F6B}.Debug|x64.Build.0 = Debug|Any CPU
		{EEA2483B-5081-48B8-BE48-5A7924369F6B}.Debug|x86.ActiveCfg = Debug|Any CPU
		{EEA2483B-5081-48B8-BE48-5A7924369F6B}.Debug|x86.Build.0 = Debug|Any CPU
		{EEA2483B-5081-48B8-BE48-5A7924369F6B}.Release|Any CPU.ActiveCfg = Release|Any CPU
		{EEA2483B-5081-48B8-BE48-5A7924369F6B}.Release|Any CPU.Build.0 = Release|Any CPU
		{EEA2483B-5081-48B8-BE48-5A7924369F6B}.Release|x64.ActiveCfg = Release|Any CPU
		{EEA2483B-5081-48B8-BE48-5A7924369F6B}.Release|x64.Build.0 = Release|Any CPU
		{EEA2483B-5081-48B8-BE48-5A7924369F6B}.Release|x86.ActiveCfg = Release|Any CPU
		{EEA2483B-5081-48B8-BE48-5A7924369F6B}.Release|x86.Build.0 = Release|Any CPU
		{B9D8AB2F-5B1E-4E85-A6F5-A266C982EDFB}.Debug|Any CPU.ActiveCfg = Debug|Any CPU
		{B9D8AB2F-5B1E-4E85-A6F5-A266C982EDFB}.Debug|Any CPU.Build.0 = Debug|Any CPU
		{B9D8AB2F-5B1E-4E85-A6F5-A266C982EDFB}.Debug|x64.ActiveCfg = Debug|Any CPU
		{B9D8AB2F-5B1E-4E85-A6F5-A266C982EDFB}.Debug|x64.Build.0 = Debug|Any CPU
		{B9D8AB2F-5B1E-4E85-A6F5-A266C982EDFB}.Debug|x86.ActiveCfg = Debug|Any CPU
		{B9D8AB2F-5B1E-4E85-A6F5-A266C982EDFB}.Debug|x86.Build.0 = Debug|Any CPU
		{B9D8AB2F-5B1E-4E85-A6F5-A266C982EDFB}.Release|Any CPU.ActiveCfg = Release|Any CPU
		{B9D8AB2F-5B1E-4E85-A6F5-A266C982EDFB}.Release|Any CPU.Build.0 = Release|Any CPU
		{B9D8AB2F-5B1E-4E85-A6F5-A266C982EDFB}.Release|x64.ActiveCfg = Release|Any CPU
		{B9D8AB2F-5B1E-4E85-A6F5-A266C982EDFB}.Release|x64.Build.0 = Release|Any CPU
		{B9D8AB2F-5B1E-4E85-A6F5-A266C982EDFB}.Release|x86.ActiveCfg = Release|Any CPU
		{B9D8AB2F-5B1E-4E85-A6F5-A266C982EDFB}.Release|x86.Build.0 = Release|Any CPU
		{17DE5D35-9E2A-494A-880F-0760B7AE7170}.Debug|Any CPU.ActiveCfg = Debug|Any CPU
		{17DE5D35-9E2A-494A-880F-0760B7AE7170}.Debug|Any CPU.Build.0 = Debug|Any CPU
		{17DE5D35-9E2A-494A-880F-0760B7AE7170}.Debug|x64.ActiveCfg = Debug|Any CPU
		{17DE5D35-9E2A-494A-880F-0760B7AE7170}.Debug|x64.Build.0 = Debug|Any CPU
		{17DE5D35-9E2A-494A-880F-0760B7AE7170}.Debug|x86.ActiveCfg = Debug|Any CPU
		{17DE5D35-9E2A-494A-880F-0760B7AE7170}.Debug|x86.Build.0 = Debug|Any CPU
		{17DE5D35-9E2A-494A-880F-0760B7AE7170}.Release|Any CPU.ActiveCfg = Release|Any CPU
		{17DE5D35-9E2A-494A-880F-0760B7AE7170}.Release|Any CPU.Build.0 = Release|Any CPU
		{17DE5D35-9E2A-494A-880F-0760B7AE7170}.Release|x64.ActiveCfg = Release|Any CPU
		{17DE5D35-9E2A-494A-880F-0760B7AE7170}.Release|x64.Build.0 = Release|Any CPU
		{17DE5D35-9E2A-494A-880F-0760B7AE7170}.Release|x86.ActiveCfg = Release|Any CPU
		{17DE5D35-9E2A-494A-880F-0760B7AE7170}.Release|x86.Build.0 = Release|Any CPU
	EndGlobalSection
EndGlobal
